Microsoft Visual Studio Solution File, Format Version 12.00
# Visual Studio Version 17
VisualStudioVersion = 17.5.2.0
MinimumVisualStudioVersion = 10.0.40219.1
Project("{FAE04EC0-301F-11D3-BF4B-00C04F79EFBC}") = "PaternosterDemo", "PaternosterDemo.csproj", "{92F8A747-BB8D-9987-50A5-045EF2AAED8A}"
EndProject
Global
	GlobalSection(SolutionConfigurationPlatforms) = preSolution
		Debug|Any CPU = Debug|Any CPU
		Release|Any CPU = Release|Any CPU
	EndGlobalSection
	GlobalSection(ProjectConfigurationPlatforms) = postSolution
		{92F8A747-BB8D-9987-50A5-045EF2AAED8A}.Debug|Any CPU.ActiveCfg = Debug|Any CPU
		{92F8A747-BB8D-9987-50A5-045EF2AAED8A}.Debug|Any CPU.Build.0 = Debug|Any CPU
		{92F8A747-BB8D-9987-50A5-045EF2AAED8A}.Release|Any CPU.ActiveCfg = Release|Any CPU
		{92F8A747-BB8D-9987-50A5-045EF2AAED8A}.Release|Any CPU.Build.0 = Release|Any CPU
	EndGlobalSection
	GlobalSection(SolutionProperties) = preSolution
		HideSolutionNode = FALSE
	EndGlobalSection
	GlobalSection(ExtensibilityGlobals) = postSolution
		SolutionGuid = {8F293BCE-72D6-4B68-B556-913CEA78329B}
	EndGlobalSection
EndGlobal
